
Microsoft Visual Studio Solution File, Format Version 12.00
# Visual Studio Version 16
VisualStudioVersion = 16.0.30406.217
MinimumVisualStudioVersion = 10.0.40219.1
Project("{FAE04EC0-301F-11D3-BF4B-00C04F79EFBC}") = "TPC_DiazOlivera", "TPC_DiazOlivera\TPC_DiazOlivera.csproj", "{C1313F34-9B70-4949-B6E2-09E11E174C54}"
EndProject
Project("{FAE04EC0-301F-11D3-BF4B-00C04F79EFBC}") = "Dominio", "Dominio\Dominio.csproj", "{46EA884C-0FD4-41E0-9BC2-AFAF110990AF}"
EndProject
Project("{FAE04EC0-301F-11D3-BF4B-00C04F79EFBC}") = "Negocio", "Negocio\Negocio.csproj", "{D8E2B4F9-2C15-4587-87B2-D4FF09ECDC88}"
EndProject
Global
	GlobalSection(SolutionConfigurationPlatforms) = preSolution
		Debug|Any CPU = Debug|Any CPU
		Release|Any CPU = Release|Any CPU
	EndGlobalSection
	GlobalSection(ProjectConfigurationPlatforms) = postSolution
		{C1313F34-9B70-4949-B6E2-09E11E174C54}.Debug|Any CPU.ActiveCfg = Debug|Any CPU
		{C1313F34-9B70-4949-B6E2-09E11E174C54}.Debug|Any CPU.Build.0 = Debug|Any CPU
		{C1313F34-9B70-4949-B6E2-09E11E174C54}.Release|Any CPU.ActiveCfg = Release|Any CPU
		{C1313F34-9B70-4949-B6E2-09E11E174C54}.Release|Any CPU.Build.0 = Release|Any CPU
		{46EA884C-0FD4-41E0-9BC2-AFAF110990AF}.Debug|Any CPU.ActiveCfg = Debug|Any CPU
		{46EA884C-0FD4-41E0-9BC2-AFAF110990AF}.Debug|Any CPU.Build.0 = Debug|Any CPU
		{46EA884C-0FD4-41E0-9BC2-AFAF110990AF}.Release|Any CPU.ActiveCfg = Release|Any CPU
		{46EA884C-0FD4-41E0-9BC2-AFAF110990AF}.Release|Any CPU.Build.0 = Release|Any CPU
		{D8E2B4F9-2C15-4587-87B2-D4FF09ECDC88}.Debug|Any CPU.ActiveCfg = Debug|Any CPU
		{D8E2B4F9-2C15-4587-87B2-D4FF09ECDC88}.Debug|Any CPU.Build.0 = Debug|Any CPU
		{D8E2B4F9-2C15-4587-87B2-D4FF09ECDC88}.Release|Any CPU.ActiveCfg = Release|Any CPU
		{D8E2B4F9-2C15-4587-87B2-D4FF09ECDC88}.Release|Any CPU.Build.0 = Release|Any CPU
	EndGlobalSection
	GlobalSection(SolutionProperties) = preSolution
		HideSolutionNode = FALSE
	EndGlobalSection
	GlobalSection(ExtensibilityGlobals) = postSolution
		SolutionGuid = {3073C6F4-B2C8-4F82-B0CA-ABA2A8F2FE16}
	EndGlobalSection
EndGlobal
